
Microsoft Visual Studio Solution File, Format Version 12.00
# Visual Studio Version 17
VisualStudioVersion = 17.0.32112.339
MinimumVisualStudioVersion = 10.0.40219.1
Project("{9A19103F-16F7-4668-BE54-9A1E7A4F7556}") = "VendingMachine", "VendingMachine\VendingMachine.csproj", "{541706AA-6F43-4A70-899F-0C02A51EC05D}"
EndProject
Global
	GlobalSection(SolutionConfigurationPlatforms) = preSolution
		Debug|Any CPU = Debug|Any CPU
		Release|Any CPU = Release|Any CPU
	EndGlobalSection
	GlobalSection(ProjectConfigurationPlatforms) = postSolution
		{541706AA-6F43-4A70-899F-0C02A51EC05D}.Debug|Any CPU.ActiveCfg = Debug|Any CPU
		{541706AA-6F43-4A70-899F-0C02A51EC05D}.Debug|Any CPU.Build.0 = Debug|Any CPU
		{541706AA-6F43-4A70-899F-0C02A51EC05D}.Release|Any CPU.ActiveCfg = Release|Any CPU
		{541706AA-6F43-4A70-899F-0C02A51EC05D}.Release|Any CPU.Build.0 = Release|Any CPU
	EndGlobalSection
	GlobalSection(SolutionProperties) = preSolution
		HideSolutionNode = FALSE
	EndGlobalSection
	GlobalSection(ExtensibilityGlobals) = postSolution
		SolutionGuid = {0F515018-93C5-4E83-BBD7-B7CEB1D90388}
	EndGlobalSection
EndGlobal
